// !$*UTF8*$!
{
	archiveVersion = 1;
	classes = {
	};
	objectVersion = 46;
	objects = {

/* Begin PBXBuildFile section */
		2CA5A35E17A1D3A400BB16E9 /* NotiView.m in Sources */ = {isa = PBXBuildFile; fileRef = 2CA5A35D17A1D3A400BB16E9 /* NotiView.m */; settings = {COMPILER_FLAGS = "-fno-objc-arc"; }; };
		2CA5A36017A1D5E600BB16E9 /* QuartzCore.framework in Frameworks */ = {isa = PBXBuildFile; fileRef = 2CA5A35F17A1D5E600BB16E9 /* QuartzCore.framework */; };
		2CA5A36417A1D64E00BB16E9 /* NSTimer+Blocks.m in Sources */ = {isa = PBXBuildFile; fileRef = 2CA5A36317A1D64E00BB16E9 /* NSTimer+Blocks.m */; settings = {COMPILER_FLAGS = "-fno-objc-arc"; }; };
		2CB3571017CBFFBD00953C2B /* wsucouger57.png in Resources */ = {isa = PBXBuildFile; fileRef = 2CB3570F17CBFFBD00953C2B /* wsucouger57.png */; };
		2CB3571217CBFFC000953C2B /* wsucouger114.png in Resources */ = {isa = PBXBuildFile; fileRef = 2CB3571117CBFFC000953C2B /* wsucouger114.png */; };
		2CD9BF4B17A990DB009E5C5A /* OrganizerTaskViewController.m in Sources */ = {isa = PBXBuildFile; fileRef = 2CD9BF4A17A990DB009E5C5A /* OrganizerTaskViewController.m */; };
		2CD9BF4E17A9B19F009E5C5A /* OrganizerTaskDetailViewController.m in Sources */ = {isa = PBXBuildFile; fileRef = 2CD9BF4D17A9B19F009E5C5A /* OrganizerTaskDetailViewController.m */; };
		2CD9BF5117A9C060009E5C5A /* OrganizerTaskEditViewController.m in Sources */ = {isa = PBXBuildFile; fileRef = 2CD9BF5017A9C060009E5C5A /* OrganizerTaskEditViewController.m */; };
		440639F817F90CE600F7A20C /* BubbleChatDetailViewController.m in Sources */ = {isa = PBXBuildFile; fileRef = 440639F517F90CD700F7A20C /* BubbleChatDetailViewController.m */; };
		440639F917F90CE600F7A20C /* ChatsViewController.m in Sources */ = {isa = PBXBuildFile; fileRef = 440639F717F90CD700F7A20C /* ChatsViewController.m */; };
		440639FB17F90D6500F7A20C /* Readme.txt in Resources */ = {isa = PBXBuildFile; fileRef = 440639FA17F90D6500F7A20C /* Readme.txt */; };
		443E9637179CAA1F00F7B8A7 /* MapAnnotationView.m in Sources */ = {isa = PBXBuildFile; fileRef = 443E9636179CAA1E00F7B8A7 /* MapAnnotationView.m */; };
		443E963A179CE4EA00F7B8A7 /* symbol-moving-annotation.png in Resources */ = {isa = PBXBuildFile; fileRef = 443E9638179CE4EA00F7B8A7 /* symbol-moving-annotation.png */; };
		443E963B179CE4EA00F7B8A7 /* symbol-moving-annotation@2x.png in Resources */ = {isa = PBXBuildFile; fileRef = 443E9639179CE4EA00F7B8A7 /* symbol-moving-annotation@2x.png */; };
		446A1167178110C60098CE4B /* AddNewChatViewController.m in Sources */ = {isa = PBXBuildFile; fileRef = 446A1166178110C60098CE4B /* AddNewChatViewController.m */; };
		446A116B178227730098CE4B /* checked.png in Resources */ = {isa = PBXBuildFile; fileRef = 446A116A178227730098CE4B /* checked.png */; };
		446A116D17822B520098CE4B /* unchecked.png in Resources */ = {isa = PBXBuildFile; fileRef = 446A116C17822B520098CE4B /* unchecked.png */; };
		4472D21A17AEEE660059F9B8 /* AssignTaskViewController.m in Sources */ = {isa = PBXBuildFile; fileRef = 4472D21917AEEE650059F9B8 /* AssignTaskViewController.m */; };
		4472D21D17AF67CD0059F9B8 /* AddNewSampleViewController.m in Sources */ = {isa = PBXBuildFile; fileRef = 4472D21C17AF67CC0059F9B8 /* AddNewSampleViewController.m */; };
		447341CE1777880D00F54DBB /* UIKit.framework in Frameworks */ = {isa = PBXBuildFile; fileRef = 447341CD1777880D00F54DBB /* UIKit.framework */; };
		447341D01777880D00F54DBB /* Foundation.framework in Frameworks */ = {isa = PBXBuildFile; fileRef = 447341CF1777880D00F54DBB /* Foundation.framework */; };
		447341D21777880D00F54DBB /* CoreGraphics.framework in Frameworks */ = {isa = PBXBuildFile; fileRef = 447341D11777880D00F54DBB /* CoreGraphics.framework */; };
		447341D81777880D00F54DBB /* InfoPlist.strings in Resources */ = {isa = PBXBuildFile; fileRef = 447341D61777880D00F54DBB /* InfoPlist.strings */; };
		447341DA1777880D00F54DBB /* main.m in Sources */ = {isa = PBXBuildFile; fileRef = 447341D91777880D00F54DBB /* main.m */; };
		447341DE1777880D00F54DBB /* FieldStudyAppDelegate.m in Sources */ = {isa = PBXBuildFile; fileRef = 447341DD1777880D00F54DBB /* FieldStudyAppDelegate.m */; };
		447341E01777880D00F54DBB /* Default.png in Resources */ = {isa = PBXBuildFile; fileRef = 447341DF1777880D00F54DBB /* Default.png */; };
		447341E21777880D00F54DBB /* Default@2x.png in Resources */ = {isa = PBXBuildFile; fileRef = 447341E11777880D00F54DBB /* Default@2x.png */; };
		447341E41777880D00F54DBB /* Default-568h@2x.png in Resources */ = {isa = PBXBuildFile; fileRef = 447341E31777880D00F54DBB /* Default-568h@2x.png */; };
		447341E71777880D00F54DBB /* MainStoryboard.storyboard in Resources */ = {isa = PBXBuildFile; fileRef = 447341E51777880D00F54DBB /* MainStoryboard.storyboard */; };
		44C0D3681787810100245D99 /* CoreLocation.framework in Frameworks */ = {isa = PBXBuildFile; fileRef = 44C0D3671787810100245D99 /* CoreLocation.framework */; };
		44C0D36A1787812700245D99 /* MapKit.framework in Frameworks */ = {isa = PBXBuildFile; fileRef = 44C0D3691787812700245D99 /* MapKit.framework */; };
		44C0D36D1787860E00245D99 /* MapViewController.m in Sources */ = {isa = PBXBuildFile; fileRef = 44C0D36C1787860E00245D99 /* MapViewController.m */; };
		44C0D36F17878DF100245D99 /* navigator.png in Resources */ = {isa = PBXBuildFile; fileRef = 44C0D36E17878DF100245D99 /* navigator.png */; };
		44C0D3721787947300245D99 /* MyLocation.m in Sources */ = {isa = PBXBuildFile; fileRef = 44C0D3711787947300245D99 /* MyLocation.m */; };
		44C0D375178A922600245D99 /* LoginViewController.m in Sources */ = {isa = PBXBuildFile; fileRef = 44C0D374178A922600245D99 /* LoginViewController.m */; };
		44C0D3B7179498D000245D99 /* AudioToolbox.framework in Frameworks */ = {isa = PBXBuildFile; fileRef = 44C0D3B6179498D000245D99 /* AudioToolbox.framework */; };
		44E8599A17950155006113CB /* BubbleMessageCell.m in Sources */ = {isa = PBXBuildFile; fileRef = 44E8597817950155006113CB /* BubbleMessageCell.m */; };
		44E8599B17950155006113CB /* BubbleView.m in Sources */ = {isa = PBXBuildFile; fileRef = 44E8597A17950155006113CB /* BubbleView.m */; };
		44E8599C17950155006113CB /* MessageInputView.m in Sources */ = {isa = PBXBuildFile; fileRef = 44E8597C17950155006113CB /* MessageInputView.m */; };
		44E8599D17950155006113CB /* MessageSoundEffect.m in Sources */ = {isa = PBXBuildFile; fileRef = 44E8597E17950155006113CB /* MessageSoundEffect.m */; };
		44E8599E17950155006113CB /* MessagesViewController.m in Sources */ = {isa = PBXBuildFile; fileRef = 44E8598017950155006113CB /* MessagesViewController.m */; };
		44E8599F17950155006113CB /* NSString+MessagesView.m in Sources */ = {isa = PBXBuildFile; fileRef = 44E8598217950155006113CB /* NSString+MessagesView.m */; };
		44E859A017950155006113CB /* input-bar.png in Resources */ = {isa = PBXBuildFile; fileRef = 44E8598517950155006113CB /* input-bar.png */; };
		44E859A117950155006113CB /* input-bar@2x.png in Resources */ = {isa = PBXBuildFile; fileRef = 44E8598617950155006113CB /* input-bar@2x.png */; };
		44E859A217950155006113CB /* input-field.png in Resources */ = {isa = PBXBuildFile; fileRef = 44E8598717950155006113CB /* input-field.png */; };
		44E859A317950155006113CB /* input-field@2x.png in Resources */ = {isa = PBXBuildFile; fileRef = 44E8598817950155006113CB /* input-field@2x.png */; };
		44E859A417950155006113CB /* messageBubbleBlue.png in Resources */ = {isa = PBXBuildFile; fileRef = 44E8598917950155006113CB /* messageBubbleBlue.png */; };
		44E859A517950155006113CB /* messageBubbleBlue@2x.png in Resources */ = {isa = PBXBuildFile; fileRef = 44E8598A17950155006113CB /* messageBubbleBlue@2x.png */; };
		44E859A617950155006113CB /* messageBubbleGray.png in Resources */ = {isa = PBXBuildFile; fileRef = 44E8598B17950155006113CB /* messageBubbleGray.png */; };
		44E859A717950155006113CB /* messageBubbleGray@2x.png in Resources */ = {isa = PBXBuildFile; fileRef = 44E8598C17950155006113CB /* messageBubbleGray@2x.png */; };
		44E859A817950155006113CB /* messageBubbleHighlighted.png in Resources */ = {isa = PBXBuildFile; fileRef = 44E8598D17950155006113CB /* messageBubbleHighlighted.png */; };
		44E859A917950155006113CB /* messageBubbleHighlighted@2x.png in Resources */ = {isa = PBXBuildFile; fileRef = 44E8598E17950155006113CB /* messageBubbleHighlighted@2x.png */; };
		44E859AA17950155006113CB /* messageBubbleTyping.png in Resources */ = {isa = PBXBuildFile; fileRef = 44E8598F17950155006113CB /* messageBubbleTyping.png */; };
		44E859AB17950155006113CB /* messageBubbleTyping@2x.png in Resources */ = {isa = PBXBuildFile; fileRef = 44E8599017950155006113CB /* messageBubbleTyping@2x.png */; };
		44E859AC17950155006113CB /* send-highlighted.png in Resources */ = {isa = PBXBuildFile; fileRef = 44E8599117950155006113CB /* send-highlighted.png */; };
		44E859AD17950155006113CB /* send-highlighted@2x.png in Resources */ = {isa = PBXBuildFile; fileRef = 44E8599217950155006113CB /* send-highlighted@2x.png */; };
		44E859AE17950155006113CB /* send.png in Resources */ = {isa = PBXBuildFile; fileRef = 44E8599317950155006113CB /* send.png */; };
		44E859AF17950155006113CB /* send@2x.png in Resources */ = {isa = PBXBuildFile; fileRef = 44E8599417950155006113CB /* send@2x.png */; };
		44E859B017950155006113CB /* messageReceived.aiff in Resources */ = {isa = PBXBuildFile; fileRef = 44E8599617950155006113CB /* messageReceived.aiff */; };
		44E859B117950155006113CB /* messageSent.aiff in Resources */ = {isa = PBXBuildFile; fileRef = 44E8599717950155006113CB /* messageSent.aiff */; };
		44E859B217950155006113CB /* UIView+AnimationOptionsForCurve.m in Sources */ = {isa = PBXBuildFile; fileRef = 44E8599917950155006113CB /* UIView+AnimationOptionsForCurve.m */; };
/* End PBXBuildFile section */

/* Begin PBXFileReference section */
		2CA5A35C17A1D3A400BB16E9 /* NotiView.h */ = {isa = PBXFileReference; fileEncoding = 4; lastKnownFileType = sourcecode.c.h; path = NotiView.h; sourceTree = "<group>"; };
		2CA5A35D17A1D3A400BB16E9 /* NotiView.m */ = {isa = PBXFileReference; fileEncoding = 4; lastKnownFileType = sourcecode.c.objc; path = NotiView.m; sourceTree = "<group>"; };
		2CA5A35F17A1D5E600BB16E9 /* QuartzCore.framework */ = {isa = PBXFileReference; lastKnownFileType = wrapper.framework; name = QuartzCore.framework; path = System/Library/Frameworks/QuartzCore.framework; sourceTree = SDKROOT; };
		2CA5A36217A1D64E00BB16E9 /* NSTimer+Blocks.h */ = {isa = PBXFileReference; fileEncoding = 4; lastKnownFileType = sourcecode.c.h; path = "NSTimer+Blocks.h"; sourceTree = "<group>"; };
		2CA5A36317A1D64E00BB16E9 /* NSTimer+Blocks.m */ = {isa = PBXFileReference; fileEncoding = 4; lastKnownFileType = sourcecode.c.objc; path = "NSTimer+Blocks.m"; sourceTree = "<group>"; };
		2CB3570F17CBFFBD00953C2B /* wsucouger57.png */ = {isa = PBXFileReference; lastKnownFileType = image.png; name = wsucouger57.png; path = ../wsucouger57.png; sourceTree = "<group>"; };
		2CB3571117CBFFC000953C2B /* wsucouger114.png */ = {isa = PBXFileReference; lastKnownFileType = image.png; name = wsucouger114.png; path = ../wsucouger114.png; sourceTree = "<group>"; };
		2CD9BF4917A990DB009E5C5A /* OrganizerTaskViewController.h */ = {isa = PBXFileReference; fileEncoding = 4; lastKnownFileType = sourcecode.c.h; path = OrganizerTaskViewController.h; sourceTree = "<group>"; };
		2CD9BF4A17A990DB009E5C5A /* OrganizerTaskViewController.m */ = {isa = PBXFileReference; fileEncoding = 4; lastKnownFileType = sourcecode.c.objc; path = OrganizerTaskViewController.m; sourceTree = "<group>"; };
		2CD9BF4C17A9B19F009E5C5A /* OrganizerTaskDetailViewController.h */ = {isa = PBXFileReference; fileEncoding = 4; lastKnownFileType = sourcecode.c.h; path = OrganizerTaskDetailViewController.h; sourceTree = "<group>"; };
		2CD9BF4D17A9B19F009E5C5A /* OrganizerTaskDetailViewController.m */ = {isa = PBXFileReference; fileEncoding = 4; lastKnownFileType = sourcecode.c.objc; path = OrganizerTaskDetailViewController.m; sourceTree = "<group>"; };
		2CD9BF4F17A9C05F009E5C5A /* OrganizerTaskEditViewController.h */ = {isa = PBXFileReference; fileEncoding = 4; lastKnownFileType = sourcecode.c.h; path = OrganizerTaskEditViewController.h; sourceTree = "<group>"; };
		2CD9BF5017A9C060009E5C5A /* OrganizerTaskEditViewController.m */ = {isa = PBXFileReference; fileEncoding = 4; lastKnownFileType = sourcecode.c.objc; path = OrganizerTaskEditViewController.m; sourceTree = "<group>"; };
		440639F417F90CD700F7A20C /* BubbleChatDetailViewController.h */ = {isa = PBXFileReference; lastKnownFileType = sourcecode.c.h; path = BubbleChatDetailViewController.h; sourceTree = "<group>"; };
		440639F517F90CD700F7A20C /* BubbleChatDetailViewController.m */ = {isa = PBXFileReference; lastKnownFileType = sourcecode.c.objc; path = BubbleChatDetailViewController.m; sourceTree = "<group>"; };
		440639F617F90CD700F7A20C /* ChatsViewController.h */ = {isa = PBXFileReference; lastKnownFileType = sourcecode.c.h; path = ChatsViewController.h; sourceTree = "<group>"; };
		440639F717F90CD700F7A20C /* ChatsViewController.m */ = {isa = PBXFileReference; lastKnownFileType = sourcecode.c.objc; path = ChatsViewController.m; sourceTree = "<group>"; };
		440639FA17F90D6500F7A20C /* Readme.txt */ = {isa = PBXFileReference; fileEncoding = 4; lastKnownFileType = text; path = Readme.txt; sourceTree = "<group>"; };
		443E9635179CAA1E00F7B8A7 /* MapAnnotationView.h */ = {isa = PBXFileReference; fileEncoding = 4; lastKnownFileType = sourcecode.c.h; path = MapAnnotationView.h; sourceTree = "<group>"; };
		443E9636179CAA1E00F7B8A7 /* MapAnnotationView.m */ = {isa = PBXFileReference; fileEncoding = 4; lastKnownFileType = sourcecode.c.objc; path = MapAnnotationView.m; sourceTree = "<group>"; };
		443E9638179CE4EA00F7B8A7 /* symbol-moving-annotation.png */ = {isa = PBXFileReference; lastKnownFileType = image.png; path = "symbol-moving-annotation.png"; sourceTree = "<group>"; };
		443E9639179CE4EA00F7B8A7 /* symbol-moving-annotation@2x.png */ = {isa = PBXFileReference; lastKnownFileType = image.png; path = "symbol-moving-annotation@2x.png"; sourceTree = "<group>"; };
		446A1165178110C50098CE4B /* AddNewChatViewController.h */ = {isa = PBXFileReference; fileEncoding = 4; lastKnownFileType = sourcecode.c.h; path = AddNewChatViewController.h; sourceTree = "<group>"; };
		446A1166178110C60098CE4B /* AddNewChatViewController.m */ = {isa = PBXFileReference; fileEncoding = 4; lastKnownFileType = sourcecode.c.objc; path = AddNewChatViewController.m; sourceTree = "<group>"; };
		446A116A178227730098CE4B /* checked.png */ = {isa = PBXFileReference; lastKnownFileType = image.png; path = checked.png; sourceTree = "<group>"; };
		446A116C17822B520098CE4B /* unchecked.png */ = {isa = PBXFileReference; lastKnownFileType = image.png; path = unchecked.png; sourceTree = "<group>"; };
		4472D21817AEEE650059F9B8 /* AssignTaskViewController.h */ = {isa = PBXFileReference; fileEncoding = 4; lastKnownFileType = sourcecode.c.h; path = AssignTaskViewController.h; sourceTree = "<group>"; };
		4472D21917AEEE650059F9B8 /* AssignTaskViewController.m */ = {isa = PBXFileReference; fileEncoding = 4; lastKnownFileType = sourcecode.c.objc; path = AssignTaskViewController.m; sourceTree = "<group>"; };
		4472D21B17AF67CC0059F9B8 /* AddNewSampleViewController.h */ = {isa = PBXFileReference; fileEncoding = 4; lastKnownFileType = sourcecode.c.h; path = AddNewSampleViewController.h; sourceTree = "<group>"; };
		4472D21C17AF67CC0059F9B8 /* AddNewSampleViewController.m */ = {isa = PBXFileReference; fileEncoding = 4; lastKnownFileType = sourcecode.c.objc; path = AddNewSampleViewController.m; sourceTree = "<group>"; };
		447341CA1777880D00F54DBB /* FieldStdyForOrganizer.app */ = {isa = PBXFileReference; explicitFileType = wrapper.application; includeInIndex = 0; path = FieldStdyForOrganizer.app; sourceTree = BUILT_PRODUCTS_DIR; };
		447341CD1777880D00F54DBB /* UIKit.framework */ = {isa = PBXFileReference; lastKnownFileType = wrapper.framework; name = UIKit.framework; path = System/Library/Frameworks/UIKit.framework; sourceTree = SDKROOT; };
		447341CF1777880D00F54DBB /* Foundation.framework */ = {isa = PBXFileReference; lastKnownFileType = wrapper.framework; name = Foundation.framework; path = System/Library/Frameworks/Foundation.framework; sourceTree = SDKROOT; };
		447341D11777880D00F54DBB /* CoreGraphics.framework */ = {isa = PBXFileReference; lastKnownFileType = wrapper.framework; name = CoreGraphics.framework; path = System/Library/Frameworks/CoreGraphics.framework; sourceTree = SDKROOT; };
		447341D51777880D00F54DBB /* FieldStdyForOrganizer-Info.plist */ = {isa = PBXFileReference; lastKnownFileType = text.plist.xml; path = "FieldStdyForOrganizer-Info.plist"; sourceTree = "<group>"; };
		447341D71777880D00F54DBB /* en */ = {isa = PBXFileReference; lastKnownFileType = text.plist.strings; name = en; path = en.lproj/InfoPlist.strings; sourceTree = "<group>"; };
		447341D91777880D00F54DBB /* main.m */ = {isa = PBXFileReference; lastKnownFileType = sourcecode.c.objc; path = main.m; sourceTree = "<group>"; };
		447341DB1777880D00F54DBB /* FieldStdyForOrganizer-Prefix.pch */ = {isa = PBXFileReference; lastKnownFileType = sourcecode.c.h; path = "FieldStdyForOrganizer-Prefix.pch"; sourceTree = "<group>"; };
		447341DC1777880D00F54DBB /* FieldStudyAppDelegate.h */ = {isa = PBXFileReference; lastKnownFileType = sourcecode.c.h; path = FieldStudyAppDelegate.h; sourceTree = "<group>"; };
		447341DD1777880D00F54DBB /* FieldStudyAppDelegate.m */ = {isa = PBXFileReference; lastKnownFileType = sourcecode.c.objc; path = FieldStudyAppDelegate.m; sourceTree = "<group>"; };
		447341DF1777880D00F54DBB /* Default.png */ = {isa = PBXFileReference; lastKnownFileType = image.png; path = Default.png; sourceTree = "<group>"; };
		447341E11777880D00F54DBB /* Default@2x.png */ = {isa = PBXFileReference; lastKnownFileType = image.png; path = "Default@2x.png"; sourceTree = "<group>"; };
		447341E31777880D00F54DBB /* Default-568h@2x.png */ = {isa = PBXFileReference; lastKnownFileType = image.png; path = "Default-568h@2x.png"; sourceTree = "<group>"; };
		447341E61777880D00F54DBB /* en */ = {isa = PBXFileReference; lastKnownFileType = file.storyboard; name = en; path = en.lproj/MainStoryboard.storyboard; sourceTree = "<group>"; };
		44C0D3671787810100245D99 /* CoreLocation.framework */ = {isa = PBXFileReference; lastKnownFileType = wrapper.framework; name = CoreLocation.framework; path = System/Library/Frameworks/CoreLocation.framework; sourceTree = SDKROOT; };
		44C0D3691787812700245D99 /* MapKit.framework */ = {isa = PBXFileReference; lastKnownFileType = wrapper.framework; name = MapKit.framework; path = System/Library/Frameworks/MapKit.framework; sourceTree = SDKROOT; };
		44C0D36B1787860E00245D99 /* MapViewController.h */ = {isa = PBXFileReference; fileEncoding = 4; lastKnownFileType = sourcecode.c.h; path = MapViewController.h; sourceTree = "<group>"; };
		44C0D36C1787860E00245D99 /* MapViewController.m */ = {isa = PBXFileReference; fileEncoding = 4; lastKnownFileType = sourcecode.c.objc; path = MapViewController.m; sourceTree = "<group>"; };
		44C0D36E17878DF100245D99 /* navigator.png */ = {isa = PBXFileReference; lastKnownFileType = image.png; path = navigator.png; sourceTree = "<group>"; };
		44C0D3701787947300245D99 /* MyLocation.h */ = {isa = PBXFileReference; fileEncoding = 4; lastKnownFileType = sourcecode.c.h; path = MyLocation.h; sourceTree = "<group>"; };
		44C0D3711787947300245D99 /* MyLocation.m */ = {isa = PBXFileReference; fileEncoding = 4; lastKnownFileType = sourcecode.c.objc; path = MyLocation.m; sourceTree = "<group>"; };
		44C0D373178A922600245D99 /* LoginViewController.h */ = {isa = PBXFileReference; fileEncoding = 4; lastKnownFileType = sourcecode.c.h; path = LoginViewController.h; sourceTree = "<group>"; };
		44C0D374178A922600245D99 /* LoginViewController.m */ = {isa = PBXFileReference; fileEncoding = 4; lastKnownFileType = sourcecode.c.objc; path = LoginViewController.m; sourceTree = "<group>"; };
		44C0D3B6179498D000245D99 /* AudioToolbox.framework */ = {isa = PBXFileReference; lastKnownFileType = wrapper.framework; name = AudioToolbox.framework; path = System/Library/Frameworks/AudioToolbox.framework; sourceTree = SDKROOT; };
		44E8597717950155006113CB /* BubbleMessageCell.h */ = {isa = PBXFileReference; fileEncoding = 4; lastKnownFileType = sourcecode.c.h; path = BubbleMessageCell.h; sourceTree = "<group>"; };
		44E8597817950155006113CB /* BubbleMessageCell.m */ = {isa = PBXFileReference; fileEncoding = 4; lastKnownFileType = sourcecode.c.objc; path = BubbleMessageCell.m; sourceTree = "<group>"; };
		44E8597917950155006113CB /* BubbleView.h */ = {isa = PBXFileReference; fileEncoding = 4; lastKnownFileType = sourcecode.c.h; path = BubbleView.h; sourceTree = "<group>"; };
		44E8597A17950155006113CB /* BubbleView.m */ = {isa = PBXFileReference; fileEncoding = 4; lastKnownFileType = sourcecode.c.objc; path = BubbleView.m; sourceTree = "<group>"; };
		44E8597B17950155006113CB /* MessageInputView.h */ = {isa = PBXFileReference; fileEncoding = 4; lastKnownFileType = sourcecode.c.h; path = MessageInputView.h; sourceTree = "<group>"; };
		44E8597C17950155006113CB /* MessageInputView.m */ = {isa = PBXFileReference; fileEncoding = 4; lastKnownFileType = sourcecode.c.objc; path = MessageInputView.m; sourceTree = "<group>"; };
		44E8597D17950155006113CB /* MessageSoundEffect.h */ = {isa = PBXFileReference; fileEncoding = 4; lastKnownFileType = sourcecode.c.h; path = MessageSoundEffect.h; sourceTree = "<group>"; };
		44E8597E17950155006113CB /* MessageSoundEffect.m */ = {isa = PBXFileReference; fileEncoding = 4; lastKnownFileType = sourcecode.c.objc; path = MessageSoundEffect.m; sourceTree = "<group>"; };
		44E8597F17950155006113CB /* MessagesViewController.h */ = {isa = PBXFileReference; fileEncoding = 4; lastKnownFileType = sourcecode.c.h; path = MessagesViewController.h; sourceTree = "<group>"; };
		44E8598017950155006113CB /* MessagesViewController.m */ = {isa = PBXFileReference; fileEncoding = 4; lastKnownFileType = sourcecode.c.objc; path = MessagesViewController.m; sourceTree = "<group>"; };
		44E8598117950155006113CB /* NSString+MessagesView.h */ = {isa = PBXFileReference; fileEncoding = 4; lastKnownFileType = sourcecode.c.h; path = "NSString+MessagesView.h"; sourceTree = "<group>"; };
		44E8598217950155006113CB /* NSString+MessagesView.m */ = {isa = PBXFileReference; fileEncoding = 4; lastKnownFileType = sourcecode.c.objc; path = "NSString+MessagesView.m"; sourceTree = "<group>"; };
		44E8598517950155006113CB /* input-bar.png */ = {isa = PBXFileReference; lastKnownFileType = image.png; path = "input-bar.png"; sourceTree = "<group>"; };
		44E8598617950155006113CB /* input-bar@2x.png */ = {isa = PBXFileReference; lastKnownFileType = image.png; path = "input-bar@2x.png"; sourceTree = "<group>"; };
		44E8598717950155006113CB /* input-field.png */ = {isa = PBXFileReference; lastKnownFileType = image.png; path = "input-field.png"; sourceTree = "<group>"; };
		44E8598817950155006113CB /* input-field@2x.png */ = {isa = PBXFileReference; lastKnownFileType = image.png; path = "input-field@2x.png"; sourceTree = "<group>"; };
		44E8598917950155006113CB /* messageBubbleBlue.png */ = {isa = PBXFileReference; lastKnownFileType = image.png; path = messageBubbleBlue.png; sourceTree = "<group>"; };
		44E8598A17950155006113CB /* messageBubbleBlue@2x.png */ = {isa = PBXFileReference; lastKnownFileType = image.png; path = "messageBubbleBlue@2x.png"; sourceTree = "<group>"; };
		44E8598B17950155006113CB /* messageBubbleGray.png */ = {isa = PBXFileReference; lastKnownFileType = image.png; path = messageBubbleGray.png; sourceTree = "<group>"; };
		44E8598C17950155006113CB /* messageBubbleGray@2x.png */ = {isa = PBXFileReference; lastKnownFileType = image.png; path = "messageBubbleGray@2x.png"; sourceTree = "<group>"; };
		44E8598D17950155006113CB /* messageBubbleHighlighted.png */ = {isa = PBXFileReference; lastKnownFileType = image.png; path = messageBubbleHighlighted.png; sourceTree = "<group>"; };
		44E8598E17950155006113CB /* messageBubbleHighlighted@2x.png */ = {isa = PBXFileReference; lastKnownFileType = image.png; path = "messageBubbleHighlighted@2x.png"; sourceTree = "<group>"; };
		44E8598F17950155006113CB /* messageBubbleTyping.png */ = {isa = PBXFileReference; lastKnownFileType = image.png; path = messageBubbleTyping.png; sourceTree = "<group>"; };
		44E8599017950155006113CB /* messageBubbleTyping@2x.png */ = {isa = PBXFileReference; lastKnownFileType = image.png; path = "messageBubbleTyping@2x.png"; sourceTree = "<group>"; };
		44E8599117950155006113CB /* send-highlighted.png */ = {isa = PBXFileReference; lastKnownFileType = image.png; path = "send-highlighted.png"; sourceTree = "<group>"; };
		44E8599217950155006113CB /* send-highlighted@2x.png */ = {isa = PBXFileReference; lastKnownFileType = image.png; path = "send-highlighted@2x.png"; sourceTree = "<group>"; };
		44E8599317950155006113CB /* send.png */ = {isa = PBXFileReference; lastKnownFileType = image.png; path = send.png; sourceTree = "<group>"; };
		44E8599417950155006113CB /* send@2x.png */ = {isa = PBXFileReference; lastKnownFileType = image.png; path = "send@2x.png"; sourceTree = "<group>"; };
		44E8599617950155006113CB /* messageReceived.aiff */ = {isa = PBXFileReference; lastKnownFileType = audio.aiff; path = messageReceived.aiff; sourceTree = "<group>"; };
		44E8599717950155006113CB /* messageSent.aiff */ = {isa = PBXFileReference; lastKnownFileType = audio.aiff; path = messageSent.aiff; sourceTree = "<group>"; };
		44E8599817950155006113CB /* UIView+AnimationOptionsForCurve.h */ = {isa = PBXFileReference; fileEncoding = 4; lastKnownFileType = sourcecode.c.h; path = "UIView+AnimationOptionsForCurve.h"; sourceTree = "<group>"; };
		44E8599917950155006113CB /* UIView+AnimationOptionsForCurve.m */ = {isa = PBXFileReference; fileEncoding = 4; lastKnownFileType = sourcecode.c.objc; path = "UIView+AnimationOptionsForCurve.m"; sourceTree = "<group>"; };
/* End PBXFileReference section */

/* Begin PBXFrameworksBuildPhase section */
		447341C71777880D00F54DBB /* Frameworks */ = {
			isa = PBXFrameworksBuildPhase;
			buildActionMask = 2147483647;
			files = (
				2CA5A36017A1D5E600BB16E9 /* QuartzCore.framework in Frameworks */,
				44C0D3B7179498D000245D99 /* AudioToolbox.framework in Frameworks */,
				44C0D36A1787812700245D99 /* MapKit.framework in Frameworks */,
				44C0D3681787810100245D99 /* CoreLocation.framework in Frameworks */,
				447341CE1777880D00F54DBB /* UIKit.framework in Frameworks */,
				447341D01777880D00F54DBB /* Foundation.framework in Frameworks */,
				447341D21777880D00F54DBB /* CoreGraphics.framework in Frameworks */,
			);
			runOnlyForDeploymentPostprocessing = 0;
		};
/* End PBXFrameworksBuildPhase section */

/* Begin PBXGroup section */
		2CA5A35B17A1D3A400BB16E9 /* NotiView */ = {
			isa = PBXGroup;
			children = (
				2CA5A35C17A1D3A400BB16E9 /* NotiView.h */,
				2CA5A35D17A1D3A400BB16E9 /* NotiView.m */,
			);
			name = NotiView;
			path = MessagesTableViewController/NotiView;
			sourceTree = "<group>";
		};
		2CA5A36117A1D64E00BB16E9 /* NSTimer+Blocks */ = {
			isa = PBXGroup;
			children = (
				2CA5A36217A1D64E00BB16E9 /* NSTimer+Blocks.h */,
				2CA5A36317A1D64E00BB16E9 /* NSTimer+Blocks.m */,
			);
			path = "NSTimer+Blocks";
			sourceTree = "<group>";
		};
		447341C11777880D00F54DBB = {
			isa = PBXGroup;
			children = (
				447341D31777880D00F54DBB /* FieldStudy */,
				447341CC1777880D00F54DBB /* Frameworks */,
				447341CB1777880D00F54DBB /* Products */,
			);
			sourceTree = "<group>";
		};
		447341CB1777880D00F54DBB /* Products */ = {
			isa = PBXGroup;
			children = (
				447341CA1777880D00F54DBB /* FieldStdyForOrganizer.app */,
			);
			name = Products;
			sourceTree = "<group>";
		};
		447341CC1777880D00F54DBB /* Frameworks */ = {
			isa = PBXGroup;
			children = (
				2CA5A35F17A1D5E600BB16E9 /* QuartzCore.framework */,
				44C0D3B6179498D000245D99 /* AudioToolbox.framework */,
				44C0D3691787812700245D99 /* MapKit.framework */,
				44C0D3671787810100245D99 /* CoreLocation.framework */,
				447341CD1777880D00F54DBB /* UIKit.framework */,
				447341CF1777880D00F54DBB /* Foundation.framework */,
				447341D11777880D00F54DBB /* CoreGraphics.framework */,
			);
			name = Frameworks;
			sourceTree = "<group>";
		};
		447341D31777880D00F54DBB /* FieldStudy */ = {
			isa = PBXGroup;
			children = (
				44C0D37F179478FE00245D99 /* TaskTrack */,
				44C0D37E179478E700245D99 /* Login */,
				44C0D37D179478BD00245D99 /* LocationTrack */,
				44C0D37C1794789400245D99 /* Message */,
				2CA5A35B17A1D3A400BB16E9 /* NotiView */,
				2CA5A36117A1D64E00BB16E9 /* NSTimer+Blocks */,
				447341DC1777880D00F54DBB /* FieldStudyAppDelegate.h */,
				447341DD1777880D00F54DBB /* FieldStudyAppDelegate.m */,
				447341E51777880D00F54DBB /* MainStoryboard.storyboard */,
				447341D41777880D00F54DBB /* Supporting Files */,
			);
			name = FieldStudy;
			path = Chat;
			sourceTree = "<group>";
		};
		447341D41777880D00F54DBB /* Supporting Files */ = {
			isa = PBXGroup;
			children = (
				447341D51777880D00F54DBB /* FieldStdyForOrganizer-Info.plist */,
				2CB3571117CBFFC000953C2B /* wsucouger114.png */,
				2CB3570F17CBFFBD00953C2B /* wsucouger57.png */,
				447341D61777880D00F54DBB /* InfoPlist.strings */,
				447341DB1777880D00F54DBB /* FieldStdyForOrganizer-Prefix.pch */,
				440639FA17F90D6500F7A20C /* Readme.txt */,
				447341DF1777880D00F54DBB /* Default.png */,
				447341E11777880D00F54DBB /* Default@2x.png */,
				447341E31777880D00F54DBB /* Default-568h@2x.png */,
				446A116A178227730098CE4B /* checked.png */,
				446A116C17822B520098CE4B /* unchecked.png */,
				44C0D36E17878DF100245D99 /* navigator.png */,
				443E9638179CE4EA00F7B8A7 /* symbol-moving-annotation.png */,
				443E9639179CE4EA00F7B8A7 /* symbol-moving-annotation@2x.png */,
			);
			name = "Supporting Files";
			sourceTree = "<group>";
		};
		44C0D37C1794789400245D99 /* Message */ = {
			isa = PBXGroup;
			children = (
				446A1165178110C50098CE4B /* AddNewChatViewController.h */,
				446A1166178110C60098CE4B /* AddNewChatViewController.m */,
				440639F417F90CD700F7A20C /* BubbleChatDetailViewController.h */,
				440639F517F90CD700F7A20C /* BubbleChatDetailViewController.m */,
				440639F617F90CD700F7A20C /* ChatsViewController.h */,
				440639F717F90CD700F7A20C /* ChatsViewController.m */,
				44E8597617950155006113CB /* MessagesTableViewController */,
			);
			name = Message;
			sourceTree = "<group>";
		};
		44C0D37D179478BD00245D99 /* LocationTrack */ = {
			isa = PBXGroup;
			children = (
				44C0D36B1787860E00245D99 /* MapViewController.h */,
				44C0D36C1787860E00245D99 /* MapViewController.m */,
				44C0D3701787947300245D99 /* MyLocation.h */,
				44C0D3711787947300245D99 /* MyLocation.m */,
				447341D91777880D00F54DBB /* main.m */,
				443E9635179CAA1E00F7B8A7 /* MapAnnotationView.h */,
				443E9636179CAA1E00F7B8A7 /* MapAnnotationView.m */,
			);
			name = LocationTrack;
			sourceTree = "<group>";
		};
		44C0D37E179478E700245D99 /* Login */ = {
			isa = PBXGroup;
			children = (
				44C0D373178A922600245D99 /* LoginViewController.h */,
				44C0D374178A922600245D99 /* LoginViewController.m */,
			);
			name = Login;
			sourceTree = "<group>";
		};
		44C0D37F179478FE00245D99 /* TaskTrack */ = {
			isa = PBXGroup;
			children = (
				2CD9BF4917A990DB009E5C5A /* OrganizerTaskViewController.h */,
				2CD9BF4A17A990DB009E5C5A /* OrganizerTaskViewController.m */,
				2CD9BF4C17A9B19F009E5C5A /* OrganizerTaskDetailViewController.h */,
				2CD9BF4D17A9B19F009E5C5A /* OrganizerTaskDetailViewController.m */,
				2CD9BF4F17A9C05F009E5C5A /* OrganizerTaskEditViewController.h */,
				2CD9BF5017A9C060009E5C5A /* OrganizerTaskEditViewController.m */,
				4472D21817AEEE650059F9B8 /* AssignTaskViewController.h */,
				4472D21917AEEE650059F9B8 /* AssignTaskViewController.m */,
				4472D21B17AF67CC0059F9B8 /* AddNewSampleViewController.h */,
				4472D21C17AF67CC0059F9B8 /* AddNewSampleViewController.m */,
			);
			name = TaskTrack;
			sourceTree = "<group>";
		};
		44E8597617950155006113CB /* MessagesTableViewController */ = {
			isa = PBXGroup;
			children = (
				44E8597717950155006113CB /* BubbleMessageCell.h */,
				44E8597817950155006113CB /* BubbleMessageCell.m */,
				44E8597917950155006113CB /* BubbleView.h */,
				44E8597A17950155006113CB /* BubbleView.m */,
				44E8597B17950155006113CB /* MessageInputView.h */,
				44E8597C17950155006113CB /* MessageInputView.m */,
				44E8597D17950155006113CB /* MessageSoundEffect.h */,
				44E8597E17950155006113CB /* MessageSoundEffect.m */,
				44E8597F17950155006113CB /* MessagesViewController.h */,
				44E8598017950155006113CB /* MessagesViewController.m */,
				44E8598117950155006113CB /* NSString+MessagesView.h */,
				44E8598217950155006113CB /* NSString+MessagesView.m */,
				44E8598317950155006113CB /* Resources */,
				44E8599817950155006113CB /* UIView+AnimationOptionsForCurve.h */,
				44E8599917950155006113CB /* UIView+AnimationOptionsForCurve.m */,
			);
			path = MessagesTableViewController;
			sourceTree = "<group>";
		};
		44E8598317950155006113CB /* Resources */ = {
			isa = PBXGroup;
			children = (
				44E8598417950155006113CB /* Images */,
				44E8599517950155006113CB /* Sounds */,
			);
			path = Resources;
			sourceTree = "<group>";
		};
		44E8598417950155006113CB /* Images */ = {
			isa = PBXGroup;
			children = (
				44E8598517950155006113CB /* input-bar.png */,
				44E8598617950155006113CB /* input-bar@2x.png */,
				44E8598717950155006113CB /* input-field.png */,
				44E8598817950155006113CB /* input-field@2x.png */,
				44E8598917950155006113CB /* messageBubbleBlue.png */,
				44E8598A17950155006113CB /* messageBubbleBlue@2x.png */,
				44E8598B17950155006113CB /* messageBubbleGray.png */,
				44E8598C17950155006113CB /* messageBubbleGray@2x.png */,
				44E8598D17950155006113CB /* messageBubbleHighlighted.png */,
				44E8598E17950155006113CB /* messageBubbleHighlighted@2x.png */,
				44E8598F17950155006113CB /* messageBubbleTyping.png */,
				44E8599017950155006113CB /* messageBubbleTyping@2x.png */,
				44E8599117950155006113CB /* send-highlighted.png */,
				44E8599217950155006113CB /* send-highlighted@2x.png */,
				44E8599317950155006113CB /* send.png */,
				44E8599417950155006113CB /* send@2x.png */,
			);
			path = Images;
			sourceTree = "<group>";
		};
		44E8599517950155006113CB /* Sounds */ = {
			isa = PBXGroup;
			children = (
				44E8599617950155006113CB /* messageReceived.aiff */,
				44E8599717950155006113CB /* messageSent.aiff */,
			);
			path = Sounds;
			sourceTree = "<group>";
		};
/* End PBXGroup section */

/* Begin PBXNativeTarget section */
		447341C91777880D00F54DBB /* FieldStdyForOrganizer */ = {
			isa = PBXNativeTarget;
			buildConfigurationList = 447341ED1777880D00F54DBB /* Build configuration list for PBXNativeTarget "FieldStdyForOrganizer" */;
			buildPhases = (
				447341C61777880D00F54DBB /* Sources */,
				447341C71777880D00F54DBB /* Frameworks */,
				447341C81777880D00F54DBB /* Resources */,
			);
			buildRules = (
			);
			dependencies = (
			);
			name = FieldStdyForOrganizer;
			productName = Chat;
			productReference = 447341CA1777880D00F54DBB /* FieldStdyForOrganizer.app */;
			productType = "com.apple.product-type.application";
		};
/* End PBXNativeTarget section */

/* Begin PBXProject section */
		447341C21777880D00F54DBB /* Project object */ = {
			isa = PBXProject;
			attributes = {
				CLASSPREFIX = Chat;
				LastUpgradeCheck = 0460;
				ORGANIZATIONNAME = "Bo Wang";
			};
			buildConfigurationList = 447341C51777880D00F54DBB /* Build configuration list for PBXProject "FieldStdyForOrganizer" */;
			compatibilityVersion = "Xcode 3.2";
			developmentRegion = English;
			hasScannedForEncodings = 0;
			knownRegions = (
				en,
			);
			mainGroup = 447341C11777880D00F54DBB;
			productRefGroup = 447341CB1777880D00F54DBB /* Products */;
			projectDirPath = "";
			projectRoot = "";
			targets = (
				447341C91777880D00F54DBB /* FieldStdyForOrganizer */,
			);
		};
/* End PBXProject section */

/* Begin PBXResourcesBuildPhase section */
		447341C81777880D00F54DBB /* Resources */ = {
			isa = PBXResourcesBuildPhase;
			buildActionMask = 2147483647;
			files = (
				447341D81777880D00F54DBB /* InfoPlist.strings in Resources */,
				447341E01777880D00F54DBB /* Default.png in Resources */,
				447341E21777880D00F54DBB /* Default@2x.png in Resources */,
				447341E41777880D00F54DBB /* Default-568h@2x.png in Resources */,
				447341E71777880D00F54DBB /* MainStoryboard.storyboard in Resources */,
				446A116B178227730098CE4B /* checked.png in Resources */,
				446A116D17822B520098CE4B /* unchecked.png in Resources */,
				44C0D36F17878DF100245D99 /* navigator.png in Resources */,
				44E859A017950155006113CB /* input-bar.png in Resources */,
				44E859A117950155006113CB /* input-bar@2x.png in Resources */,
				44E859A217950155006113CB /* input-field.png in Resources */,
				44E859A317950155006113CB /* input-field@2x.png in Resources */,
				44E859A417950155006113CB /* messageBubbleBlue.png in Resources */,
				44E859A517950155006113CB /* messageBubbleBlue@2x.png in Resources */,
				44E859A617950155006113CB /* messageBubbleGray.png in Resources */,
				44E859A717950155006113CB /* messageBubbleGray@2x.png in Resources */,
				44E859A817950155006113CB /* messageBubbleHighlighted.png in Resources */,
				44E859A917950155006113CB /* messageBubbleHighlighted@2x.png in Resources */,
				44E859AA17950155006113CB /* messageBubbleTyping.png in Resources */,
				44E859AB17950155006113CB /* messageBubbleTyping@2x.png in Resources */,
				44E859AC17950155006113CB /* send-highlighted.png in Resources */,
				44E859AD17950155006113CB /* send-highlighted@2x.png in Resources */,
				44E859AE17950155006113CB /* send.png in Resources */,
				44E859AF17950155006113CB /* send@2x.png in Resources */,
				44E859B017950155006113CB /* messageReceived.aiff in Resources */,
				44E859B117950155006113CB /* messageSent.aiff in Resources */,
				443E963A179CE4EA00F7B8A7 /* symbol-moving-annotation.png in Resources */,
				443E963B179CE4EA00F7B8A7 /* symbol-moving-annotation@2x.png in Resources */,
				2CB3571017CBFFBD00953C2B /* wsucouger57.png in Resources */,
				2CB3571217CBFFC000953C2B /* wsucouger114.png in Resources */,
				440639FB17F90D6500F7A20C /* Readme.txt in Resources */,
			);
			runOnlyForDeploymentPostprocessing = 0;
		};
/* End PBXResourcesBuildPhase section */

/* Begin PBXSourcesBuildPhase section */
		447341C61777880D00F54DBB /* Sources */ = {
			isa = PBXSourcesBuildPhase;
			buildActionMask = 2147483647;
			files = (
				440639F817F90CE600F7A20C /* BubbleChatDetailViewController.m in Sources */,
				440639F917F90CE600F7A20C /* ChatsViewController.m in Sources */,
				447341DA1777880D00F54DBB /* main.m in Sources */,
				447341DE1777880D00F54DBB /* FieldStudyAppDelegate.m in Sources */,
				446A1167178110C60098CE4B /* AddNewChatViewController.m in Sources */,
				44C0D36D1787860E00245D99 /* MapViewController.m in Sources */,
				44C0D3721787947300245D99 /* MyLocation.m in Sources */,
				44C0D375178A922600245D99 /* LoginViewController.m in Sources */,
				44E8599A17950155006113CB /* BubbleMessageCell.m in Sources */,
				44E8599B17950155006113CB /* BubbleView.m in Sources */,
				44E8599C17950155006113CB /* MessageInputView.m in Sources */,
				44E8599D17950155006113CB /* MessageSoundEffect.m in Sources */,
				44E8599E17950155006113CB /* MessagesViewController.m in Sources */,
				44E8599F17950155006113CB /* NSString+MessagesView.m in Sources */,
				44E859B217950155006113CB /* UIView+AnimationOptionsForCurve.m in Sources */,
				443E9637179CAA1F00F7B8A7 /* MapAnnotationView.m in Sources */,
				2CA5A35E17A1D3A400BB16E9 /* NotiView.m in Sources */,
				2CA5A36417A1D64E00BB16E9 /* NSTimer+Blocks.m in Sources */,
				2CD9BF4B17A990DB009E5C5A /* OrganizerTaskViewController.m in Sources */,
				2CD9BF4E17A9B19F009E5C5A /* OrganizerTaskDetailViewController.m in Sources */,
				2CD9BF5117A9C060009E5C5A /* OrganizerTaskEditViewController.m in Sources */,
				4472D21A17AEEE660059F9B8 /* AssignTaskViewController.m in Sources */,
				4472D21D17AF67CD0059F9B8 /* AddNewSampleViewController.m in Sources */,
			);
			runOnlyForDeploymentPostprocessing = 0;
		};
/* End PBXSourcesBuildPhase section */

/* Begin PBXVariantGroup section */
		447341D61777880D00F54DBB /* InfoPlist.strings */ = {
			isa = PBXVariantGroup;
			children = (
				447341D71777880D00F54DBB /* en */,
			);
			name = InfoPlist.strings;
			sourceTree = "<group>";
		};
		447341E51777880D00F54DBB /* MainStoryboard.storyboard */ = {
			isa = PBXVariantGroup;
			children = (
				447341E61777880D00F54DBB /* en */,
			);
			name = MainStoryboard.storyboard;
			sourceTree = "<group>";
		};
/* End PBXVariantGroup section */

/* Begin XCBuildConfiguration section */
		447341EB1777880D00F54DBB /* Debug */ = {
			isa = XCBuildConfiguration;
			buildSettings = {
				ALWAYS_SEARCH_USER_PATHS = NO;
				CLANG_CXX_LANGUAGE_STANDARD = "gnu++0x";
				CLANG_CXX_LIBRARY = "libc++";
				CLANG_ENABLE_OBJC_ARC = YES;
				CLANG_WARN_CONSTANT_CONVERSION = YES;
				CLANG_WARN_EMPTY_BODY = YES;
				CLANG_WARN_ENUM_CONVERSION = YES;
				CLANG_WARN_INT_CONVERSION = YES;
				CLANG_WARN__DUPLICATE_METHOD_MATCH = YES;
				"CODE_SIGN_IDENTITY[sdk=iphoneos*]" = "iPhone Developer";
				COPY_PHASE_STRIP = NO;
				GCC_C_LANGUAGE_STANDARD = gnu99;
				GCC_DYNAMIC_NO_PIC = NO;
				GCC_OPTIMIZATION_LEVEL = 0;
				GCC_PREPROCESSOR_DEFINITIONS = (
					"DEBUG=1",
					"$(inherited)",
				);
				GCC_SYMBOLS_PRIVATE_EXTERN = NO;
				GCC_WARN_ABOUT_RETURN_TYPE = YES;
				GCC_WARN_UNINITIALIZED_AUTOS = YES;
				GCC_WARN_UNUSED_VARIABLE = YES;
				IPHONEOS_DEPLOYMENT_TARGET = 6.1;
				ONLY_ACTIVE_ARCH = YES;
				SDKROOT = iphoneos;
			};
			name = Debug;
		};
		447341EC1777880D00F54DBB /* Release */ = {
			isa = XCBuildConfiguration;
			buildSettings = {
				ALWAYS_SEARCH_USER_PATHS = NO;
				CLANG_CXX_LANGUAGE_STANDARD = "gnu++0x";
				CLANG_CXX_LIBRARY = "libc++";
				CLANG_ENABLE_OBJC_ARC = YES;
				CLANG_WARN_CONSTANT_CONVERSION = YES;
				CLANG_WARN_EMPTY_BODY = YES;
				CLANG_WARN_ENUM_CONVERSION = YES;
				CLANG_WARN_INT_CONVERSION = YES;
				CLANG_WARN__DUPLICATE_METHOD_MATCH = YES;
				"CODE_SIGN_IDENTITY[sdk=iphoneos*]" = "iPhone Developer";
				COPY_PHASE_STRIP = YES;
				GCC_C_LANGUAGE_STANDARD = gnu99;
				GCC_WARN_ABOUT_RETURN_TYPE = YES;
				GCC_WARN_UNINITIALIZED_AUTOS = YES;
				GCC_WARN_UNUSED_VARIABLE = YES;
				IPHONEOS_DEPLOYMENT_TARGET = 6.1;
				OTHER_CFLAGS = "-DNS_BLOCK_ASSERTIONS=1";
				SDKROOT = iphoneos;
				VALIDATE_PRODUCT = YES;
			};
			name = Release;
		};
		447341EE1777880D00F54DBB /* Debug */ = {
			isa = XCBuildConfiguration;
			buildSettings = {
				GCC_PRECOMPILE_PREFIX_HEADER = YES;
				GCC_PREFIX_HEADER = "Chat/FieldStdyForOrganizer-Prefix.pch";
				INFOPLIST_FILE = "Chat/FieldStdyForOrganizer-Info.plist";
				PRODUCT_NAME = FieldStdyForOrganizer;
				WRAPPER_EXTENSION = app;
			};
			name = Debug;
		};
		447341EF1777880D00F54DBB /* Release */ = {
			isa = XCBuildConfiguration;
			buildSettings = {
				GCC_PRECOMPILE_PREFIX_HEADER = YES;
				GCC_PREFIX_HEADER = "Chat/FieldStdyForOrganizer-Prefix.pch";
				INFOPLIST_FILE = "Chat/FieldStdyForOrganizer-Info.plist";
				PRODUCT_NAME = FieldStdyForOrganizer;
				WRAPPER_EXTENSION = app;
			};
			name = Release;
		};
/* End XCBuildConfiguration section */

/* Begin XCConfigurationList section */
		447341C51777880D00F54DBB /* Build configuration list for PBXProject "FieldStdyForOrganizer" */ = {
			isa = XCConfigurationList;
			buildConfigurations = (
				447341EB1777880D00F54DBB /* Debug */,
				447341EC1777880D00F54DBB /* Release */,
			);
			defaultConfigurationIsVisible = 0;
			defaultConfigurationName = Release;
		};
		447341ED1777880D00F54DBB /* Build configuration list for PBXNativeTarget "FieldStdyForOrganizer" */ = {
			isa = XCConfigurationList;
			buildConfigurations = (
				447341EE1777880D00F54DBB /* Debug */,
				447341EF1777880D00F54DBB /* Release */,
			);
			defaultConfigurationIsVisible = 0;
			defaultConfigurationName = Release;
		};
/* End XCConfigurationList section */
	};
	rootObject = 447341C21777880D00F54DBB /* Project object */;
}
