// !$*UTF8*$!
{
	archiveVersion = 1;
	classes = {
	};
	objectVersion = 46;
	objects = {

/* Begin PBXBuildFile section */
		446414711778EE2E000C442F /* Readme.txt in Resources */ = {isa = PBXBuildFile; fileRef = 446414701778EE2E000C442F /* Readme.txt */; };
		446A1167178110C60098CE4B /* AddNewChatViewController.m in Sources */ = {isa = PBXBuildFile; fileRef = 446A1166178110C60098CE4B /* AddNewChatViewController.m */; };
		446A116B178227730098CE4B /* checked.png in Resources */ = {isa = PBXBuildFile; fileRef = 446A116A178227730098CE4B /* checked.png */; };
		446A116D17822B520098CE4B /* unchecked.png in Resources */ = {isa = PBXBuildFile; fileRef = 446A116C17822B520098CE4B /* unchecked.png */; };
		447341CE1777880D00F54DBB /* UIKit.framework in Frameworks */ = {isa = PBXBuildFile; fileRef = 447341CD1777880D00F54DBB /* UIKit.framework */; };
		447341D01777880D00F54DBB /* Foundation.framework in Frameworks */ = {isa = PBXBuildFile; fileRef = 447341CF1777880D00F54DBB /* Foundation.framework */; };
		447341D21777880D00F54DBB /* CoreGraphics.framework in Frameworks */ = {isa = PBXBuildFile; fileRef = 447341D11777880D00F54DBB /* CoreGraphics.framework */; };
		447341D81777880D00F54DBB /* InfoPlist.strings in Resources */ = {isa = PBXBuildFile; fileRef = 447341D61777880D00F54DBB /* InfoPlist.strings */; };
		447341DA1777880D00F54DBB /* main.m in Sources */ = {isa = PBXBuildFile; fileRef = 447341D91777880D00F54DBB /* main.m */; };
		447341DE1777880D00F54DBB /* FieldStudyAppDelegate.m in Sources */ = {isa = PBXBuildFile; fileRef = 447341DD1777880D00F54DBB /* FieldStudyAppDelegate.m */; };
		447341E01777880D00F54DBB /* Default.png in Resources */ = {isa = PBXBuildFile; fileRef = 447341DF1777880D00F54DBB /* Default.png */; };
		447341E21777880D00F54DBB /* Default@2x.png in Resources */ = {isa = PBXBuildFile; fileRef = 447341E11777880D00F54DBB /* Default@2x.png */; };
		447341E41777880D00F54DBB /* Default-568h@2x.png in Resources */ = {isa = PBXBuildFile; fileRef = 447341E31777880D00F54DBB /* Default-568h@2x.png */; };
		447341E71777880D00F54DBB /* MainStoryboard.storyboard in Resources */ = {isa = PBXBuildFile; fileRef = 447341E51777880D00F54DBB /* MainStoryboard.storyboard */; };
		447341F2177788B500F54DBB /* ChatsViewController.m in Sources */ = {isa = PBXBuildFile; fileRef = 447341F1177788B500F54DBB /* ChatsViewController.m */; };
		447341F517778C8400F54DBB /* ChatDetailViewController.m in Sources */ = {isa = PBXBuildFile; fileRef = 447341F417778C8400F54DBB /* ChatDetailViewController.m */; };
		44C0D3681787810100245D99 /* CoreLocation.framework in Frameworks */ = {isa = PBXBuildFile; fileRef = 44C0D3671787810100245D99 /* CoreLocation.framework */; };
		44C0D36A1787812700245D99 /* MapKit.framework in Frameworks */ = {isa = PBXBuildFile; fileRef = 44C0D3691787812700245D99 /* MapKit.framework */; };
		44C0D36D1787860E00245D99 /* MapViewController.m in Sources */ = {isa = PBXBuildFile; fileRef = 44C0D36C1787860E00245D99 /* MapViewController.m */; };
		44C0D36F17878DF100245D99 /* navigator.png in Resources */ = {isa = PBXBuildFile; fileRef = 44C0D36E17878DF100245D99 /* navigator.png */; };
		44C0D3721787947300245D99 /* MyLocation.m in Sources */ = {isa = PBXBuildFile; fileRef = 44C0D3711787947300245D99 /* MyLocation.m */; };
		44C0D375178A922600245D99 /* LoginViewController.m in Sources */ = {isa = PBXBuildFile; fileRef = 44C0D374178A922600245D99 /* LoginViewController.m */; };
		44C0D378178E0B0200245D99 /* TasksViewController.m in Sources */ = {isa = PBXBuildFile; fileRef = 44C0D377178E0B0100245D99 /* TasksViewController.m */; };
		44C0D37B178E0BEF00245D99 /* TaskDetailViewController.m in Sources */ = {isa = PBXBuildFile; fileRef = 44C0D37A178E0BEF00245D99 /* TaskDetailViewController.m */; };
/* End PBXBuildFile section */

/* Begin PBXFileReference section */
		446414701778EE2E000C442F /* Readme.txt */ = {isa = PBXFileReference; fileEncoding = 4; lastKnownFileType = text; path = Readme.txt; sourceTree = "<group>"; };
		446A1165178110C50098CE4B /* AddNewChatViewController.h */ = {isa = PBXFileReference; fileEncoding = 4; lastKnownFileType = sourcecode.c.h; path = AddNewChatViewController.h; sourceTree = "<group>"; };
		446A1166178110C60098CE4B /* AddNewChatViewController.m */ = {isa = PBXFileReference; fileEncoding = 4; lastKnownFileType = sourcecode.c.objc; path = AddNewChatViewController.m; sourceTree = "<group>"; };
		446A116A178227730098CE4B /* checked.png */ = {isa = PBXFileReference; lastKnownFileType = image.png; path = checked.png; sourceTree = "<group>"; };
		446A116C17822B520098CE4B /* unchecked.png */ = {isa = PBXFileReference; lastKnownFileType = image.png; path = unchecked.png; sourceTree = "<group>"; };
		447341CA1777880D00F54DBB /* FieldStdy.app */ = {isa = PBXFileReference; explicitFileType = wrapper.application; includeInIndex = 0; path = FieldStdy.app; sourceTree = BUILT_PRODUCTS_DIR; };
		447341CD1777880D00F54DBB /* UIKit.framework */ = {isa = PBXFileReference; lastKnownFileType = wrapper.framework; name = UIKit.framework; path = System/Library/Frameworks/UIKit.framework; sourceTree = SDKROOT; };
		447341CF1777880D00F54DBB /* Foundation.framework */ = {isa = PBXFileReference; lastKnownFileType = wrapper.framework; name = Foundation.framework; path = System/Library/Frameworks/Foundation.framework; sourceTree = SDKROOT; };
		447341D11777880D00F54DBB /* CoreGraphics.framework */ = {isa = PBXFileReference; lastKnownFileType = wrapper.framework; name = CoreGraphics.framework; path = System/Library/Frameworks/CoreGraphics.framework; sourceTree = SDKROOT; };
		447341D51777880D00F54DBB /* FieldStdy-Info.plist */ = {isa = PBXFileReference; lastKnownFileType = text.plist.xml; path = "FieldStdy-Info.plist"; sourceTree = "<group>"; };
		447341D71777880D00F54DBB /* en */ = {isa = PBXFileReference; lastKnownFileType = text.plist.strings; name = en; path = en.lproj/InfoPlist.strings; sourceTree = "<group>"; };
		447341D91777880D00F54DBB /* main.m */ = {isa = PBXFileReference; lastKnownFileType = sourcecode.c.objc; path = main.m; sourceTree = "<group>"; };
		447341DB1777880D00F54DBB /* FieldStdy-Prefix.pch */ = {isa = PBXFileReference; lastKnownFileType = sourcecode.c.h; path = "FieldStdy-Prefix.pch"; sourceTree = "<group>"; };
		447341DC1777880D00F54DBB /* FieldStudyAppDelegate.h */ = {isa = PBXFileReference; lastKnownFileType = sourcecode.c.h; path = FieldStudyAppDelegate.h; sourceTree = "<group>"; };
		447341DD1777880D00F54DBB /* FieldStudyAppDelegate.m */ = {isa = PBXFileReference; lastKnownFileType = sourcecode.c.objc; path = FieldStudyAppDelegate.m; sourceTree = "<group>"; };
		447341DF1777880D00F54DBB /* Default.png */ = {isa = PBXFileReference; lastKnownFileType = image.png; path = Default.png; sourceTree = "<group>"; };
		447341E11777880D00F54DBB /* Default@2x.png */ = {isa = PBXFileReference; lastKnownFileType = image.png; path = "Default@2x.png"; sourceTree = "<group>"; };
		447341E31777880D00F54DBB /* Default-568h@2x.png */ = {isa = PBXFileReference; lastKnownFileType = image.png; path = "Default-568h@2x.png"; sourceTree = "<group>"; };
		447341E61777880D00F54DBB /* en */ = {isa = PBXFileReference; lastKnownFileType = file.storyboard; name = en; path = en.lproj/MainStoryboard.storyboard; sourceTree = "<group>"; };
		447341F0177788B500F54DBB /* ChatsViewController.h */ = {isa = PBXFileReference; fileEncoding = 4; lastKnownFileType = sourcecode.c.h; path = ChatsViewController.h; sourceTree = SOURCE_ROOT; };
		447341F1177788B500F54DBB /* ChatsViewController.m */ = {isa = PBXFileReference; fileEncoding = 4; lastKnownFileType = sourcecode.c.objc; path = ChatsViewController.m; sourceTree = SOURCE_ROOT; };
		447341F317778C8400F54DBB /* ChatDetailViewController.h */ = {isa = PBXFileReference; fileEncoding = 4; lastKnownFileType = sourcecode.c.h; path = ChatDetailViewController.h; sourceTree = "<group>"; };
		447341F417778C8400F54DBB /* ChatDetailViewController.m */ = {isa = PBXFileReference; fileEncoding = 4; lastKnownFileType = sourcecode.c.objc; path = ChatDetailViewController.m; sourceTree = "<group>"; };
		44C0D3671787810100245D99 /* CoreLocation.framework */ = {isa = PBXFileReference; lastKnownFileType = wrapper.framework; name = CoreLocation.framework; path = System/Library/Frameworks/CoreLocation.framework; sourceTree = SDKROOT; };
		44C0D3691787812700245D99 /* MapKit.framework */ = {isa = PBXFileReference; lastKnownFileType = wrapper.framework; name = MapKit.framework; path = System/Library/Frameworks/MapKit.framework; sourceTree = SDKROOT; };
		44C0D36B1787860E00245D99 /* MapViewController.h */ = {isa = PBXFileReference; fileEncoding = 4; lastKnownFileType = sourcecode.c.h; path = MapViewController.h; sourceTree = "<group>"; };
		44C0D36C1787860E00245D99 /* MapViewController.m */ = {isa = PBXFileReference; fileEncoding = 4; lastKnownFileType = sourcecode.c.objc; path = MapViewController.m; sourceTree = "<group>"; };
		44C0D36E17878DF100245D99 /* navigator.png */ = {isa = PBXFileReference; lastKnownFileType = image.png; path = navigator.png; sourceTree = "<group>"; };
		44C0D3701787947300245D99 /* MyLocation.h */ = {isa = PBXFileReference; fileEncoding = 4; lastKnownFileType = sourcecode.c.h; path = MyLocation.h; sourceTree = "<group>"; };
		44C0D3711787947300245D99 /* MyLocation.m */ = {isa = PBXFileReference; fileEncoding = 4; lastKnownFileType = sourcecode.c.objc; path = MyLocation.m; sourceTree = "<group>"; };
		44C0D373178A922600245D99 /* LoginViewController.h */ = {isa = PBXFileReference; fileEncoding = 4; lastKnownFileType = sourcecode.c.h; path = LoginViewController.h; sourceTree = "<group>"; };
		44C0D374178A922600245D99 /* LoginViewController.m */ = {isa = PBXFileReference; fileEncoding = 4; lastKnownFileType = sourcecode.c.objc; path = LoginViewController.m; sourceTree = "<group>"; };
		44C0D376178E0B0100245D99 /* TasksViewController.h */ = {isa = PBXFileReference; fileEncoding = 4; lastKnownFileType = sourcecode.c.h; path = TasksViewController.h; sourceTree = "<group>"; };
		44C0D377178E0B0100245D99 /* TasksViewController.m */ = {isa = PBXFileReference; fileEncoding = 4; lastKnownFileType = sourcecode.c.objc; path = TasksViewController.m; sourceTree = "<group>"; };
		44C0D379178E0BEF00245D99 /* TaskDetailViewController.h */ = {isa = PBXFileReference; fileEncoding = 4; lastKnownFileType = sourcecode.c.h; path = TaskDetailViewController.h; sourceTree = "<group>"; };
		44C0D37A178E0BEF00245D99 /* TaskDetailViewController.m */ = {isa = PBXFileReference; fileEncoding = 4; lastKnownFileType = sourcecode.c.objc; path = TaskDetailViewController.m; sourceTree = "<group>"; };
/* End PBXFileReference section */

/* Begin PBXFrameworksBuildPhase section */
		447341C71777880D00F54DBB /* Frameworks */ = {
			isa = PBXFrameworksBuildPhase;
			buildActionMask = 2147483647;
			files = (
				44C0D36A1787812700245D99 /* MapKit.framework in Frameworks */,
				44C0D3681787810100245D99 /* CoreLocation.framework in Frameworks */,
				447341CE1777880D00F54DBB /* UIKit.framework in Frameworks */,
				447341D01777880D00F54DBB /* Foundation.framework in Frameworks */,
				447341D21777880D00F54DBB /* CoreGraphics.framework in Frameworks */,
			);
			runOnlyForDeploymentPostprocessing = 0;
		};
/* End PBXFrameworksBuildPhase section */

/* Begin PBXGroup section */
		447341C11777880D00F54DBB = {
			isa = PBXGroup;
			children = (
				44C0D3691787812700245D99 /* MapKit.framework */,
				44C0D3671787810100245D99 /* CoreLocation.framework */,
				447341D31777880D00F54DBB /* FieldStudy */,
				447341CC1777880D00F54DBB /* Frameworks */,
				447341CB1777880D00F54DBB /* Products */,
			);
			sourceTree = "<group>";
		};
		447341CB1777880D00F54DBB /* Products */ = {
			isa = PBXGroup;
			children = (
				447341CA1777880D00F54DBB /* FieldStdy.app */,
			);
			name = Products;
			sourceTree = "<group>";
		};
		447341CC1777880D00F54DBB /* Frameworks */ = {
			isa = PBXGroup;
			children = (
				447341CD1777880D00F54DBB /* UIKit.framework */,
				447341CF1777880D00F54DBB /* Foundation.framework */,
				447341D11777880D00F54DBB /* CoreGraphics.framework */,
			);
			name = Frameworks;
			sourceTree = "<group>";
		};
		447341D31777880D00F54DBB /* FieldStudy */ = {
			isa = PBXGroup;
			children = (
				447341DC1777880D00F54DBB /* FieldStudyAppDelegate.h */,
				447341DD1777880D00F54DBB /* FieldStudyAppDelegate.m */,
				447341E51777880D00F54DBB /* MainStoryboard.storyboard */,
				44C0D379178E0BEF00245D99 /* TaskDetailViewController.h */,
				44C0D37A178E0BEF00245D99 /* TaskDetailViewController.m */,
				44C0D376178E0B0100245D99 /* TasksViewController.h */,
				44C0D377178E0B0100245D99 /* TasksViewController.m */,
				44C0D373178A922600245D99 /* LoginViewController.h */,
				44C0D374178A922600245D99 /* LoginViewController.m */,
				44C0D36B1787860E00245D99 /* MapViewController.h */,
				44C0D36C1787860E00245D99 /* MapViewController.m */,
				44C0D3701787947300245D99 /* MyLocation.h */,
				44C0D3711787947300245D99 /* MyLocation.m */,
				446A1165178110C50098CE4B /* AddNewChatViewController.h */,
				446A1166178110C60098CE4B /* AddNewChatViewController.m */,
				447341F317778C8400F54DBB /* ChatDetailViewController.h */,
				447341F417778C8400F54DBB /* ChatDetailViewController.m */,
				447341F0177788B500F54DBB /* ChatsViewController.h */,
				447341F1177788B500F54DBB /* ChatsViewController.m */,
				447341D41777880D00F54DBB /* Supporting Files */,
			);
			name = FieldStudy;
			path = Chat;
			sourceTree = "<group>";
		};
		447341D41777880D00F54DBB /* Supporting Files */ = {
			isa = PBXGroup;
			children = (
				447341D51777880D00F54DBB /* FieldStdy-Info.plist */,
				446414701778EE2E000C442F /* Readme.txt */,
				447341D61777880D00F54DBB /* InfoPlist.strings */,
				447341D91777880D00F54DBB /* main.m */,
				447341DB1777880D00F54DBB /* FieldStdy-Prefix.pch */,
				447341DF1777880D00F54DBB /* Default.png */,
				447341E11777880D00F54DBB /* Default@2x.png */,
				447341E31777880D00F54DBB /* Default-568h@2x.png */,
				446A116A178227730098CE4B /* checked.png */,
				446A116C17822B520098CE4B /* unchecked.png */,
				44C0D36E17878DF100245D99 /* navigator.png */,
			);
			name = "Supporting Files";
			sourceTree = "<group>";
		};
/* End PBXGroup section */

/* Begin PBXNativeTarget section */
		447341C91777880D00F54DBB /* FieldStdy */ = {
			isa = PBXNativeTarget;
			buildConfigurationList = 447341ED1777880D00F54DBB /* Build configuration list for PBXNativeTarget "FieldStdy" */;
			buildPhases = (
				447341C61777880D00F54DBB /* Sources */,
				447341C71777880D00F54DBB /* Frameworks */,
				447341C81777880D00F54DBB /* Resources */,
			);
			buildRules = (
			);
			dependencies = (
			);
			name = FieldStdy;
			productName = Chat;
			productReference = 447341CA1777880D00F54DBB /* FieldStdy.app */;
			productType = "com.apple.product-type.application";
		};
/* End PBXNativeTarget section */

/* Begin PBXProject section */
		447341C21777880D00F54DBB /* Project object */ = {
			isa = PBXProject;
			attributes = {
				CLASSPREFIX = Chat;
				LastUpgradeCheck = 0460;
				ORGANIZATIONNAME = "Bo Wang";
			};
			buildConfigurationList = 447341C51777880D00F54DBB /* Build configuration list for PBXProject "FieldStdy" */;
			compatibilityVersion = "Xcode 3.2";
			developmentRegion = English;
			hasScannedForEncodings = 0;
			knownRegions = (
				en,
			);
			mainGroup = 447341C11777880D00F54DBB;
			productRefGroup = 447341CB1777880D00F54DBB /* Products */;
			projectDirPath = "";
			projectRoot = "";
			targets = (
				447341C91777880D00F54DBB /* FieldStdy */,
			);
		};
/* End PBXProject section */

/* Begin PBXResourcesBuildPhase section */
		447341C81777880D00F54DBB /* Resources */ = {
			isa = PBXResourcesBuildPhase;
			buildActionMask = 2147483647;
			files = (
				447341D81777880D00F54DBB /* InfoPlist.strings in Resources */,
				447341E01777880D00F54DBB /* Default.png in Resources */,
				447341E21777880D00F54DBB /* Default@2x.png in Resources */,
				447341E41777880D00F54DBB /* Default-568h@2x.png in Resources */,
				447341E71777880D00F54DBB /* MainStoryboard.storyboard in Resources */,
				446414711778EE2E000C442F /* Readme.txt in Resources */,
				446A116B178227730098CE4B /* checked.png in Resources */,
				446A116D17822B520098CE4B /* unchecked.png in Resources */,
				44C0D36F17878DF100245D99 /* navigator.png in Resources */,
			);
			runOnlyForDeploymentPostprocessing = 0;
		};
/* End PBXResourcesBuildPhase section */

/* Begin PBXSourcesBuildPhase section */
		447341C61777880D00F54DBB /* Sources */ = {
			isa = PBXSourcesBuildPhase;
			buildActionMask = 2147483647;
			files = (
				447341DA1777880D00F54DBB /* main.m in Sources */,
				447341DE1777880D00F54DBB /* FieldStudyAppDelegate.m in Sources */,
				447341F2177788B500F54DBB /* ChatsViewController.m in Sources */,
				447341F517778C8400F54DBB /* ChatDetailViewController.m in Sources */,
				446A1167178110C60098CE4B /* AddNewChatViewController.m in Sources */,
				44C0D36D1787860E00245D99 /* MapViewController.m in Sources */,
				44C0D3721787947300245D99 /* MyLocation.m in Sources */,
				44C0D375178A922600245D99 /* LoginViewController.m in Sources */,
				44C0D378178E0B0200245D99 /* TasksViewController.m in Sources */,
				44C0D37B178E0BEF00245D99 /* TaskDetailViewController.m in Sources */,
			);
			runOnlyForDeploymentPostprocessing = 0;
		};
/* End PBXSourcesBuildPhase section */

/* Begin PBXVariantGroup section */
		447341D61777880D00F54DBB /* InfoPlist.strings */ = {
			isa = PBXVariantGroup;
			children = (
				447341D71777880D00F54DBB /* en */,
			);
			name = InfoPlist.strings;
			sourceTree = "<group>";
		};
		447341E51777880D00F54DBB /* MainStoryboard.storyboard */ = {
			isa = PBXVariantGroup;
			children = (
				447341E61777880D00F54DBB /* en */,
			);
			name = MainStoryboard.storyboard;
			sourceTree = "<group>";
		};
/* End PBXVariantGroup section */

/* Begin XCBuildConfiguration section */
		447341EB1777880D00F54DBB /* Debug */ = {
			isa = XCBuildConfiguration;
			buildSettings = {
				ALWAYS_SEARCH_USER_PATHS = NO;
				CLANG_CXX_LANGUAGE_STANDARD = "gnu++0x";
				CLANG_CXX_LIBRARY = "libc++";
				CLANG_ENABLE_OBJC_ARC = YES;
				CLANG_WARN_CONSTANT_CONVERSION = YES;
				CLANG_WARN_EMPTY_BODY = YES;
				CLANG_WARN_ENUM_CONVERSION = YES;
				CLANG_WARN_INT_CONVERSION = YES;
				CLANG_WARN__DUPLICATE_METHOD_MATCH = YES;
				"CODE_SIGN_IDENTITY[sdk=iphoneos*]" = "iPhone Developer";
				COPY_PHASE_STRIP = NO;
				GCC_C_LANGUAGE_STANDARD = gnu99;
				GCC_DYNAMIC_NO_PIC = NO;
				GCC_OPTIMIZATION_LEVEL = 0;
				GCC_PREPROCESSOR_DEFINITIONS = (
					"DEBUG=1",
					"$(inherited)",
				);
				GCC_SYMBOLS_PRIVATE_EXTERN = NO;
				GCC_WARN_ABOUT_RETURN_TYPE = YES;
				GCC_WARN_UNINITIALIZED_AUTOS = YES;
				GCC_WARN_UNUSED_VARIABLE = YES;
				IPHONEOS_DEPLOYMENT_TARGET = 6.1;
				ONLY_ACTIVE_ARCH = YES;
				SDKROOT = iphoneos;
			};
			name = Debug;
		};
		447341EC1777880D00F54DBB /* Release */ = {
			isa = XCBuildConfiguration;
			buildSettings = {
				ALWAYS_SEARCH_USER_PATHS = NO;
				CLANG_CXX_LANGUAGE_STANDARD = "gnu++0x";
				CLANG_CXX_LIBRARY = "libc++";
				CLANG_ENABLE_OBJC_ARC = YES;
				CLANG_WARN_CONSTANT_CONVERSION = YES;
				CLANG_WARN_EMPTY_BODY = YES;
				CLANG_WARN_ENUM_CONVERSION = YES;
				CLANG_WARN_INT_CONVERSION = YES;
				CLANG_WARN__DUPLICATE_METHOD_MATCH = YES;
				"CODE_SIGN_IDENTITY[sdk=iphoneos*]" = "iPhone Developer";
				COPY_PHASE_STRIP = YES;
				GCC_C_LANGUAGE_STANDARD = gnu99;
				GCC_WARN_ABOUT_RETURN_TYPE = YES;
				GCC_WARN_UNINITIALIZED_AUTOS = YES;
				GCC_WARN_UNUSED_VARIABLE = YES;
				IPHONEOS_DEPLOYMENT_TARGET = 6.1;
				OTHER_CFLAGS = "-DNS_BLOCK_ASSERTIONS=1";
				SDKROOT = iphoneos;
				VALIDATE_PRODUCT = YES;
			};
			name = Release;
		};
		447341EE1777880D00F54DBB /* Debug */ = {
			isa = XCBuildConfiguration;
			buildSettings = {
				GCC_PRECOMPILE_PREFIX_HEADER = YES;
				GCC_PREFIX_HEADER = "Chat/FieldStdy-Prefix.pch";
				INFOPLIST_FILE = "Chat/FieldStdy-Info.plist";
				PRODUCT_NAME = FieldStdy;
				WRAPPER_EXTENSION = app;
			};
			name = Debug;
		};
		447341EF1777880D00F54DBB /* Release */ = {
			isa = XCBuildConfiguration;
			buildSettings = {
				GCC_PRECOMPILE_PREFIX_HEADER = YES;
				GCC_PREFIX_HEADER = "Chat/FieldStdy-Prefix.pch";
				INFOPLIST_FILE = "Chat/FieldStdy-Info.plist";
				PRODUCT_NAME = FieldStdy;
				WRAPPER_EXTENSION = app;
			};
			name = Release;
		};
/* End XCBuildConfiguration section */

/* Begin XCConfigurationList section */
		447341C51777880D00F54DBB /* Build configuration list for PBXProject "FieldStdy" */ = {
			isa = XCConfigurationList;
			buildConfigurations = (
				447341EB1777880D00F54DBB /* Debug */,
				447341EC1777880D00F54DBB /* Release */,
			);
			defaultConfigurationIsVisible = 0;
			defaultConfigurationName = Release;
		};
		447341ED1777880D00F54DBB /* Build configuration list for PBXNativeTarget "FieldStdy" */ = {
			isa = XCConfigurationList;
			buildConfigurations = (
				447341EE1777880D00F54DBB /* Debug */,
				447341EF1777880D00F54DBB /* Release */,
			);
			defaultConfigurationIsVisible = 0;
			defaultConfigurationName = Release;
		};
/* End XCConfigurationList section */
	};
	rootObject = 447341C21777880D00F54DBB /* Project object */;
}
